// !$*UTF8*$!
{
	archiveVersion = 1;
	classes = {
	};
	objectVersion = 46;
	objects = {

/* Begin PBXBuildFile section */
		349CEB9FD7339389AF16EA91 /* libPods-SpotifyAlarmClock.a in Frameworks */ = {isa = PBXBuildFile; fileRef = C92F5708CCED2BA4D9ECCF61 /* libPods-SpotifyAlarmClock.a */; };
		B812392319D1FC28005EABDB /* AddAlarmViewController.m in Sources */ = {isa = PBXBuildFile; fileRef = B812390F19D1FC28005EABDB /* AddAlarmViewController.m */; };
		B812392519D1FC28005EABDB /* AlarmsViewController.m in Sources */ = {isa = PBXBuildFile; fileRef = B812391419D1FC28005EABDB /* AlarmsViewController.m */; };
		B812392619D1FC28005EABDB /* ClockViewController.m in Sources */ = {isa = PBXBuildFile; fileRef = B812391719D1FC28005EABDB /* ClockViewController.m */; };
		B812392719D1FC28005EABDB /* Option.m in Sources */ = {isa = PBXBuildFile; fileRef = B812391A19D1FC28005EABDB /* Option.m */; };
		B812392819D1FC28005EABDB /* OptionsSelectViewController.m in Sources */ = {isa = PBXBuildFile; fileRef = B812391D19D1FC28005EABDB /* OptionsSelectViewController.m */; };
		B812392919D1FC28005EABDB /* TextEditViewController.m in Sources */ = {isa = PBXBuildFile; fileRef = B812392219D1FC28005EABDB /* TextEditViewController.m */; };
		B812392E19D201A4005EABDB /* SongsViewController.m in Sources */ = {isa = PBXBuildFile; fileRef = B812392D19D201A4005EABDB /* SongsViewController.m */; };
		B812393119D201F2005EABDB /* SongSearchViewController.m in Sources */ = {isa = PBXBuildFile; fileRef = B812393019D201F2005EABDB /* SongSearchViewController.m */; };
		B82A533419C4F5E6000C40D8 /* SystemConfiguration.framework in Frameworks */ = {isa = PBXBuildFile; fileRef = B82A533319C4F5E6000C40D8 /* SystemConfiguration.framework */; };
		B82A533619C4F5F1000C40D8 /* CFNetwork.framework in Frameworks */ = {isa = PBXBuildFile; fileRef = B82A533519C4F5F1000C40D8 /* CFNetwork.framework */; };
		B82A533819C4F612000C40D8 /* libstdc++.dylib in Frameworks */ = {isa = PBXBuildFile; fileRef = B82A533719C4F612000C40D8 /* libstdc++.dylib */; };
		B82A533A19C4F623000C40D8 /* CoreAudio.framework in Frameworks */ = {isa = PBXBuildFile; fileRef = B82A533919C4F623000C40D8 /* CoreAudio.framework */; };
		B82A533C19C4F632000C40D8 /* AudioToolbox.framework in Frameworks */ = {isa = PBXBuildFile; fileRef = B82A533B19C4F632000C40D8 /* AudioToolbox.framework */; };
		B82A533E19C4F63E000C40D8 /* AVFoundation.framework in Frameworks */ = {isa = PBXBuildFile; fileRef = B82A533D19C4F63E000C40D8 /* AVFoundation.framework */; };
		B82A534019C4F645000C40D8 /* Security.framework in Frameworks */ = {isa = PBXBuildFile; fileRef = B82A533F19C4F645000C40D8 /* Security.framework */; };
		B82A534C19C4FF5F000C40D8 /* libCocoaLibSpotify.a in Frameworks */ = {isa = PBXBuildFile; fileRef = B82A534719C4FEF4000C40D8 /* libCocoaLibSpotify.a */; };
		B86104CC19CD9671001DB753 /* CoreData.framework in Frameworks */ = {isa = PBXBuildFile; fileRef = B86104CB19CD9671001DB753 /* CoreData.framework */; };
		B86104D419CDA16D001DB753 /* AlarmSong.m in Sources */ = {isa = PBXBuildFile; fileRef = B86104D319CDA16D001DB753 /* AlarmSong.m */; };
		B86104D719CDA187001DB753 /* Alarm.m in Sources */ = {isa = PBXBuildFile; fileRef = B86104D619CDA187001DB753 /* Alarm.m */; };
		B86104DA19CDA28E001DB753 /* SpotifyAlarmClock.xcdatamodeld in Sources */ = {isa = PBXBuildFile; fileRef = B86104D819CDA28E001DB753 /* SpotifyAlarmClock.xcdatamodeld */; };
		B885CC7119E010E5003450F8 /* AllTracksViewController.m in Sources */ = {isa = PBXBuildFile; fileRef = B885CC7019E010E5003450F8 /* AllTracksViewController.m */; };
		B885CC7D19E013BD003450F8 /* AlarmCell.m in Sources */ = {isa = PBXBuildFile; fileRef = B885CC7619E013BD003450F8 /* AlarmCell.m */; };
		B885CC7E19E013BD003450F8 /* AlbumCell.m in Sources */ = {isa = PBXBuildFile; fileRef = B885CC7819E013BD003450F8 /* AlbumCell.m */; };
		B885CC7F19E013BD003450F8 /* ArtistCell.m in Sources */ = {isa = PBXBuildFile; fileRef = B885CC7A19E013BD003450F8 /* ArtistCell.m */; };
		B885CC8019E013BD003450F8 /* TrackCell.m in Sources */ = {isa = PBXBuildFile; fileRef = B885CC7C19E013BD003450F8 /* TrackCell.m */; };
		B885CC8319E01B58003450F8 /* MaskHelper.m in Sources */ = {isa = PBXBuildFile; fileRef = B885CC8219E01B58003450F8 /* MaskHelper.m */; };
		B885FE7119C488F400EC1D32 /* Foundation.framework in Frameworks */ = {isa = PBXBuildFile; fileRef = B885FE7019C488F400EC1D32 /* Foundation.framework */; };
		B885FE7319C488F400EC1D32 /* CoreGraphics.framework in Frameworks */ = {isa = PBXBuildFile; fileRef = B885FE7219C488F400EC1D32 /* CoreGraphics.framework */; };
		B885FE7B19C488F400EC1D32 /* InfoPlist.strings in Resources */ = {isa = PBXBuildFile; fileRef = B885FE7919C488F400EC1D32 /* InfoPlist.strings */; };
		B885FE7D19C488F400EC1D32 /* main.m in Sources */ = {isa = PBXBuildFile; fileRef = B885FE7C19C488F400EC1D32 /* main.m */; };
		B885FE8119C488F400EC1D32 /* AppDelegate.m in Sources */ = {isa = PBXBuildFile; fileRef = B885FE8019C488F400EC1D32 /* AppDelegate.m */; };
		B885FE8419C488F400EC1D32 /* Main.storyboard in Resources */ = {isa = PBXBuildFile; fileRef = B885FE8219C488F400EC1D32 /* Main.storyboard */; };
		B885FE8919C488F500EC1D32 /* Images.xcassets in Resources */ = {isa = PBXBuildFile; fileRef = B885FE8819C488F500EC1D32 /* Images.xcassets */; };
		B885FE9019C488F500EC1D32 /* XCTest.framework in Frameworks */ = {isa = PBXBuildFile; fileRef = B885FE8F19C488F500EC1D32 /* XCTest.framework */; };
		B885FE9119C488F500EC1D32 /* Foundation.framework in Frameworks */ = {isa = PBXBuildFile; fileRef = B885FE7019C488F400EC1D32 /* Foundation.framework */; };
		B885FE9219C488F500EC1D32 /* UIKit.framework in Frameworks */ = {isa = PBXBuildFile; fileRef = B885FE7419C488F400EC1D32 /* UIKit.framework */; };
		B885FE9A19C488F500EC1D32 /* InfoPlist.strings in Resources */ = {isa = PBXBuildFile; fileRef = B885FE9819C488F500EC1D32 /* InfoPlist.strings */; };
		B885FE9C19C488F500EC1D32 /* SpotifyAlarmClockTests.m in Sources */ = {isa = PBXBuildFile; fileRef = B885FE9B19C488F500EC1D32 /* SpotifyAlarmClockTests.m */; };
		B885FEAF19C4AB3000EC1D32 /* SpotifyPlayer.m in Sources */ = {isa = PBXBuildFile; fileRef = B885FEAE19C4AB3000EC1D32 /* SpotifyPlayer.m */; };
		B885FEB419C4ABBC00EC1D32 /* audio.c in Sources */ = {isa = PBXBuildFile; fileRef = B885FEB019C4ABBC00EC1D32 /* audio.c */; };
		B885FEB519C4ABBC00EC1D32 /* osx-audio.m in Sources */ = {isa = PBXBuildFile; fileRef = B885FEB219C4ABBC00EC1D32 /* osx-audio.m */; };
		B885FEF719C4C7CE00EC1D32 /* UIKit.framework in Frameworks */ = {isa = PBXBuildFile; fileRef = B885FE7419C488F400EC1D32 /* UIKit.framework */; };
		B8D16E0519E1C94500B375D2 /* BlurredHeader.xib in Resources */ = {isa = PBXBuildFile; fileRef = B8D16E0419E1C94500B375D2 /* BlurredHeader.xib */; };
		B8D16E0919E1CBF900B375D2 /* BlurredHeaderView.m in Sources */ = {isa = PBXBuildFile; fileRef = B8D16E0819E1CBF900B375D2 /* BlurredHeaderView.m */; };
		B8D7690A19E5B1F300988A71 /* AlbumCell.xib in Resources */ = {isa = PBXBuildFile; fileRef = B8D7690919E5B1F300988A71 /* AlbumCell.xib */; };
		B8D7690D19E5B20F00988A71 /* ArtistCell.xib in Resources */ = {isa = PBXBuildFile; fileRef = B8D7690C19E5B20F00988A71 /* ArtistCell.xib */; };
		B8D7690F19E5B22C00988A71 /* TrackCell.xib in Resources */ = {isa = PBXBuildFile; fileRef = B8D7690E19E5B22C00988A71 /* TrackCell.xib */; };
		B8D7691119E5B23A00988A71 /* LoadMoreCell.xib in Resources */ = {isa = PBXBuildFile; fileRef = B8D7691019E5B23A00988A71 /* LoadMoreCell.xib */; };
		B8D7691419E5C17600988A71 /* CellConstructHelper.m in Sources */ = {isa = PBXBuildFile; fileRef = B8D7691319E5C17600988A71 /* CellConstructHelper.m */; };
		B8DEF86619E03BBB00F2F453 /* LoadMoreCell.m in Sources */ = {isa = PBXBuildFile; fileRef = B8DEF86519E03BBB00F2F453 /* LoadMoreCell.m */; };
		B8DEF86B19E041F700F2F453 /* AllArtistsViewController.m in Sources */ = {isa = PBXBuildFile; fileRef = B8DEF86A19E041F700F2F453 /* AllArtistsViewController.m */; };
		B8DEF86E19E0474900F2F453 /* ArtistBrowseCache.m in Sources */ = {isa = PBXBuildFile; fileRef = B8DEF86D19E0474900F2F453 /* ArtistBrowseCache.m */; };
		B8DEF87519E06FA100F2F453 /* AllAlbumsViewController.m in Sources */ = {isa = PBXBuildFile; fileRef = B8DEF87419E06FA100F2F453 /* AllAlbumsViewController.m */; };
		B8DEF87919E07A8F00F2F453 /* ArtistViewController.m in Sources */ = {isa = PBXBuildFile; fileRef = B8DEF87819E07A8F00F2F453 /* ArtistViewController.m */; };
/* End PBXBuildFile section */

/* Begin PBXContainerItemProxy section */
		B82A534619C4FEF4000C40D8 /* PBXContainerItemProxy */ = {
			isa = PBXContainerItemProxy;
			containerPortal = B82A534119C4FEF4000C40D8 /* CocoaLibSpotify iOS Library.xcodeproj */;
			proxyType = 2;
			remoteGlobalIDString = 50AF49DC1439CBFE00E4A5EF;
			remoteInfo = CocoaLibSpotify;
		};
		B82A534819C4FEF4000C40D8 /* PBXContainerItemProxy */ = {
			isa = PBXContainerItemProxy;
			containerPortal = B82A534119C4FEF4000C40D8 /* CocoaLibSpotify iOS Library.xcodeproj */;
			proxyType = 2;
			remoteGlobalIDString = 50D4F52B156BCDE800E237DD;
			remoteInfo = CocoaLSTests;
		};
		B82A534A19C4FF33000C40D8 /* PBXContainerItemProxy */ = {
			isa = PBXContainerItemProxy;
			containerPortal = B82A534119C4FEF4000C40D8 /* CocoaLibSpotify iOS Library.xcodeproj */;
			proxyType = 1;
			remoteGlobalIDString = 50AF49DB1439CBFE00E4A5EF;
			remoteInfo = CocoaLibSpotify;
		};
		B885FE9319C488F500EC1D32 /* PBXContainerItemProxy */ = {
			isa = PBXContainerItemProxy;
			containerPortal = B885FE6519C488F400EC1D32 /* Project object */;
			proxyType = 1;
			remoteGlobalIDString = B885FE6C19C488F400EC1D32;
			remoteInfo = SpotifyAlarmClock;
		};
/* End PBXContainerItemProxy section */

/* Begin PBXFileReference section */
		8E9EC42A6CF7103BBBA32316 /* Pods-SpotifyAlarmClock.release.xcconfig */ = {isa = PBXFileReference; includeInIndex = 1; lastKnownFileType = text.xcconfig; name = "Pods-SpotifyAlarmClock.release.xcconfig"; path = "Pods/Target Support Files/Pods-SpotifyAlarmClock/Pods-SpotifyAlarmClock.release.xcconfig"; sourceTree = "<group>"; };
		B812390E19D1FC28005EABDB /* AddAlarmViewController.h */ = {isa = PBXFileReference; fileEncoding = 4; lastKnownFileType = sourcecode.c.h; path = AddAlarmViewController.h; sourceTree = "<group>"; };
		B812390F19D1FC28005EABDB /* AddAlarmViewController.m */ = {isa = PBXFileReference; fileEncoding = 4; lastKnownFileType = sourcecode.c.objc; path = AddAlarmViewController.m; sourceTree = "<group>"; };
		B812391319D1FC28005EABDB /* AlarmsViewController.h */ = {isa = PBXFileReference; fileEncoding = 4; lastKnownFileType = sourcecode.c.h; path = AlarmsViewController.h; sourceTree = "<group>"; };
		B812391419D1FC28005EABDB /* AlarmsViewController.m */ = {isa = PBXFileReference; fileEncoding = 4; lastKnownFileType = sourcecode.c.objc; path = AlarmsViewController.m; sourceTree = "<group>"; };
		B812391619D1FC28005EABDB /* ClockViewController.h */ = {isa = PBXFileReference; fileEncoding = 4; lastKnownFileType = sourcecode.c.h; path = ClockViewController.h; sourceTree = "<group>"; };
		B812391719D1FC28005EABDB /* ClockViewController.m */ = {isa = PBXFileReference; fileEncoding = 4; lastKnownFileType = sourcecode.c.objc; path = ClockViewController.m; sourceTree = "<group>"; };
		B812391919D1FC28005EABDB /* Option.h */ = {isa = PBXFileReference; fileEncoding = 4; lastKnownFileType = sourcecode.c.h; path = Option.h; sourceTree = "<group>"; };
		B812391A19D1FC28005EABDB /* Option.m */ = {isa = PBXFileReference; fileEncoding = 4; lastKnownFileType = sourcecode.c.objc; path = Option.m; sourceTree = "<group>"; };
		B812391B19D1FC28005EABDB /* OptionsSelectDelegate.h */ = {isa = PBXFileReference; fileEncoding = 4; lastKnownFileType = sourcecode.c.h; path = OptionsSelectDelegate.h; sourceTree = "<group>"; };
		B812391C19D1FC28005EABDB /* OptionsSelectViewController.h */ = {isa = PBXFileReference; fileEncoding = 4; lastKnownFileType = sourcecode.c.h; path = OptionsSelectViewController.h; sourceTree = "<group>"; };
		B812391D19D1FC28005EABDB /* OptionsSelectViewController.m */ = {isa = PBXFileReference; fileEncoding = 4; lastKnownFileType = sourcecode.c.objc; path = OptionsSelectViewController.m; sourceTree = "<group>"; };
		B812392019D1FC28005EABDB /* TextEditDelegate.h */ = {isa = PBXFileReference; fileEncoding = 4; lastKnownFileType = sourcecode.c.h; path = TextEditDelegate.h; sourceTree = "<group>"; };
		B812392119D1FC28005EABDB /* TextEditViewController.h */ = {isa = PBXFileReference; fileEncoding = 4; lastKnownFileType = sourcecode.c.h; path = TextEditViewController.h; sourceTree = "<group>"; };
		B812392219D1FC28005EABDB /* TextEditViewController.m */ = {isa = PBXFileReference; fileEncoding = 4; lastKnownFileType = sourcecode.c.objc; path = TextEditViewController.m; sourceTree = "<group>"; };
		B812392C19D201A4005EABDB /* SongsViewController.h */ = {isa = PBXFileReference; fileEncoding = 4; lastKnownFileType = sourcecode.c.h; path = SongsViewController.h; sourceTree = "<group>"; };
		B812392D19D201A4005EABDB /* SongsViewController.m */ = {isa = PBXFileReference; fileEncoding = 4; lastKnownFileType = sourcecode.c.objc; path = SongsViewController.m; sourceTree = "<group>"; };
		B812392F19D201F2005EABDB /* SongSearchViewController.h */ = {isa = PBXFileReference; fileEncoding = 4; lastKnownFileType = sourcecode.c.h; path = SongSearchViewController.h; sourceTree = "<group>"; };
		B812393019D201F2005EABDB /* SongSearchViewController.m */ = {isa = PBXFileReference; fileEncoding = 4; lastKnownFileType = sourcecode.c.objc; path = SongSearchViewController.m; sourceTree = "<group>"; };
		B82A530D19C4E641000C40D8 /* appkey.h */ = {isa = PBXFileReference; fileEncoding = 4; lastKnownFileType = sourcecode.c.h; name = appkey.h; path = SpotifyAlarmClock/appkey.h; sourceTree = "<group>"; };
		B82A533319C4F5E6000C40D8 /* SystemConfiguration.framework */ = {isa = PBXFileReference; lastKnownFileType = wrapper.framework; name = SystemConfiguration.framework; path = System/Library/Frameworks/SystemConfiguration.framework; sourceTree = SDKROOT; };
		B82A533519C4F5F1000C40D8 /* CFNetwork.framework */ = {isa = PBXFileReference; lastKnownFileType = wrapper.framework; name = CFNetwork.framework; path = System/Library/Frameworks/CFNetwork.framework; sourceTree = SDKROOT; };
		B82A533719C4F612000C40D8 /* libstdc++.dylib */ = {isa = PBXFileReference; lastKnownFileType = "compiled.mach-o.dylib"; name = "libstdc++.dylib"; path = "usr/lib/libstdc++.dylib"; sourceTree = SDKROOT; };
		B82A533919C4F623000C40D8 /* CoreAudio.framework */ = {isa = PBXFileReference; lastKnownFileType = wrapper.framework; name = CoreAudio.framework; path = System/Library/Frameworks/CoreAudio.framework; sourceTree = SDKROOT; };
		B82A533B19C4F632000C40D8 /* AudioToolbox.framework */ = {isa = PBXFileReference; lastKnownFileType = wrapper.framework; name = AudioToolbox.framework; path = System/Library/Frameworks/AudioToolbox.framework; sourceTree = SDKROOT; };
		B82A533D19C4F63E000C40D8 /* AVFoundation.framework */ = {isa = PBXFileReference; lastKnownFileType = wrapper.framework; name = AVFoundation.framework; path = System/Library/Frameworks/AVFoundation.framework; sourceTree = SDKROOT; };
		B82A533F19C4F645000C40D8 /* Security.framework */ = {isa = PBXFileReference; lastKnownFileType = wrapper.framework; name = Security.framework; path = System/Library/Frameworks/Security.framework; sourceTree = SDKROOT; };
		B82A534119C4FEF4000C40D8 /* CocoaLibSpotify iOS Library.xcodeproj */ = {isa = PBXFileReference; lastKnownFileType = "wrapper.pb-project"; name = "CocoaLibSpotify iOS Library.xcodeproj"; path = "Libraries/cocoalibspotify-2.4.5/iOS Library/CocoaLibSpotify iOS Library.xcodeproj"; sourceTree = "<group>"; };
		B86104CB19CD9671001DB753 /* CoreData.framework */ = {isa = PBXFileReference; lastKnownFileType = wrapper.framework; name = CoreData.framework; path = System/Library/Frameworks/CoreData.framework; sourceTree = SDKROOT; };
		B86104D219CDA16D001DB753 /* AlarmSong.h */ = {isa = PBXFileReference; fileEncoding = 4; lastKnownFileType = sourcecode.c.h; path = AlarmSong.h; sourceTree = "<group>"; };
		B86104D319CDA16D001DB753 /* AlarmSong.m */ = {isa = PBXFileReference; fileEncoding = 4; lastKnownFileType = sourcecode.c.objc; path = AlarmSong.m; sourceTree = "<group>"; };
		B86104D519CDA187001DB753 /* Alarm.h */ = {isa = PBXFileReference; fileEncoding = 4; lastKnownFileType = sourcecode.c.h; path = Alarm.h; sourceTree = "<group>"; };
		B86104D619CDA187001DB753 /* Alarm.m */ = {isa = PBXFileReference; fileEncoding = 4; lastKnownFileType = sourcecode.c.objc; path = Alarm.m; sourceTree = "<group>"; };
		B86104D919CDA28E001DB753 /* SpotifyAlarmClock.xcdatamodel */ = {isa = PBXFileReference; lastKnownFileType = wrapper.xcdatamodel; path = SpotifyAlarmClock.xcdatamodel; sourceTree = "<group>"; };
		B885CC6F19E010E5003450F8 /* AllTracksViewController.h */ = {isa = PBXFileReference; fileEncoding = 4; lastKnownFileType = sourcecode.c.h; path = AllTracksViewController.h; sourceTree = "<group>"; };
		B885CC7019E010E5003450F8 /* AllTracksViewController.m */ = {isa = PBXFileReference; fileEncoding = 4; lastKnownFileType = sourcecode.c.objc; path = AllTracksViewController.m; sourceTree = "<group>"; };
		B885CC7519E013BD003450F8 /* AlarmCell.h */ = {isa = PBXFileReference; fileEncoding = 4; lastKnownFileType = sourcecode.c.h; path = AlarmCell.h; sourceTree = "<group>"; };
		B885CC7619E013BD003450F8 /* AlarmCell.m */ = {isa = PBXFileReference; fileEncoding = 4; lastKnownFileType = sourcecode.c.objc; path = AlarmCell.m; sourceTree = "<group>"; };
		B885CC7719E013BD003450F8 /* AlbumCell.h */ = {isa = PBXFileReference; fileEncoding = 4; lastKnownFileType = sourcecode.c.h; path = AlbumCell.h; sourceTree = "<group>"; };
		B885CC7819E013BD003450F8 /* AlbumCell.m */ = {isa = PBXFileReference; fileEncoding = 4; lastKnownFileType = sourcecode.c.objc; path = AlbumCell.m; sourceTree = "<group>"; };
		B885CC7919E013BD003450F8 /* ArtistCell.h */ = {isa = PBXFileReference; fileEncoding = 4; lastKnownFileType = sourcecode.c.h; path = ArtistCell.h; sourceTree = "<group>"; };
		B885CC7A19E013BD003450F8 /* ArtistCell.m */ = {isa = PBXFileReference; fileEncoding = 4; lastKnownFileType = sourcecode.c.objc; path = ArtistCell.m; sourceTree = "<group>"; };
		B885CC7B19E013BD003450F8 /* TrackCell.h */ = {isa = PBXFileReference; fileEncoding = 4; lastKnownFileType = sourcecode.c.h; path = TrackCell.h; sourceTree = "<group>"; };
		B885CC7C19E013BD003450F8 /* TrackCell.m */ = {isa = PBXFileReference; fileEncoding = 4; lastKnownFileType = sourcecode.c.objc; path = TrackCell.m; sourceTree = "<group>"; };
		B885CC8119E01B58003450F8 /* MaskHelper.h */ = {isa = PBXFileReference; fileEncoding = 4; lastKnownFileType = sourcecode.c.h; path = MaskHelper.h; sourceTree = "<group>"; };
		B885CC8219E01B58003450F8 /* MaskHelper.m */ = {isa = PBXFileReference; fileEncoding = 4; lastKnownFileType = sourcecode.c.objc; path = MaskHelper.m; sourceTree = "<group>"; };
		B885FE6D19C488F400EC1D32 /* SpotifyAlarmClock.app */ = {isa = PBXFileReference; explicitFileType = wrapper.application; includeInIndex = 0; path = SpotifyAlarmClock.app; sourceTree = BUILT_PRODUCTS_DIR; };
		B885FE7019C488F400EC1D32 /* Foundation.framework */ = {isa = PBXFileReference; lastKnownFileType = wrapper.framework; name = Foundation.framework; path = System/Library/Frameworks/Foundation.framework; sourceTree = SDKROOT; };
		B885FE7219C488F400EC1D32 /* CoreGraphics.framework */ = {isa = PBXFileReference; lastKnownFileType = wrapper.framework; name = CoreGraphics.framework; path = System/Library/Frameworks/CoreGraphics.framework; sourceTree = SDKROOT; };
		B885FE7419C488F400EC1D32 /* UIKit.framework */ = {isa = PBXFileReference; lastKnownFileType = wrapper.framework; name = UIKit.framework; path = System/Library/Frameworks/UIKit.framework; sourceTree = SDKROOT; };
		B885FE7819C488F400EC1D32 /* SpotifyAlarmClock-Info.plist */ = {isa = PBXFileReference; lastKnownFileType = text.plist.xml; path = "SpotifyAlarmClock-Info.plist"; sourceTree = "<group>"; };
		B885FE7A19C488F400EC1D32 /* en */ = {isa = PBXFileReference; lastKnownFileType = text.plist.strings; name = en; path = en.lproj/InfoPlist.strings; sourceTree = "<group>"; };
		B885FE7C19C488F400EC1D32 /* main.m */ = {isa = PBXFileReference; lastKnownFileType = sourcecode.c.objc; path = main.m; sourceTree = "<group>"; };
		B885FE7E19C488F400EC1D32 /* SpotifyAlarmClock-Prefix.pch */ = {isa = PBXFileReference; lastKnownFileType = sourcecode.c.h; path = "SpotifyAlarmClock-Prefix.pch"; sourceTree = "<group>"; };
		B885FE7F19C488F400EC1D32 /* AppDelegate.h */ = {isa = PBXFileReference; lastKnownFileType = sourcecode.c.h; path = AppDelegate.h; sourceTree = "<group>"; };
		B885FE8019C488F400EC1D32 /* AppDelegate.m */ = {isa = PBXFileReference; lastKnownFileType = sourcecode.c.objc; path = AppDelegate.m; sourceTree = "<group>"; };
		B885FE8319C488F400EC1D32 /* Base */ = {isa = PBXFileReference; lastKnownFileType = file.storyboard; name = Base; path = Base.lproj/Main.storyboard; sourceTree = "<group>"; };
		B885FE8819C488F500EC1D32 /* Images.xcassets */ = {isa = PBXFileReference; lastKnownFileType = folder.assetcatalog; path = Images.xcassets; sourceTree = "<group>"; };
		B885FE8E19C488F500EC1D32 /* SpotifyAlarmClockTests.xctest */ = {isa = PBXFileReference; explicitFileType = wrapper.cfbundle; includeInIndex = 0; path = SpotifyAlarmClockTests.xctest; sourceTree = BUILT_PRODUCTS_DIR; };
		B885FE8F19C488F500EC1D32 /* XCTest.framework */ = {isa = PBXFileReference; lastKnownFileType = wrapper.framework; name = XCTest.framework; path = Library/Frameworks/XCTest.framework; sourceTree = DEVELOPER_DIR; };
		B885FE9719C488F500EC1D32 /* SpotifyAlarmClockTests-Info.plist */ = {isa = PBXFileReference; lastKnownFileType = text.plist.xml; path = "SpotifyAlarmClockTests-Info.plist"; sourceTree = "<group>"; };
		B885FE9919C488F500EC1D32 /* en */ = {isa = PBXFileReference; lastKnownFileType = text.plist.strings; name = en; path = en.lproj/InfoPlist.strings; sourceTree = "<group>"; };
		B885FE9B19C488F500EC1D32 /* SpotifyAlarmClockTests.m */ = {isa = PBXFileReference; lastKnownFileType = sourcecode.c.objc; path = SpotifyAlarmClockTests.m; sourceTree = "<group>"; };
		B885FEAD19C4AB3000EC1D32 /* SpotifyPlayer.h */ = {isa = PBXFileReference; fileEncoding = 4; lastKnownFileType = sourcecode.c.h; path = SpotifyPlayer.h; sourceTree = "<group>"; };
		B885FEAE19C4AB3000EC1D32 /* SpotifyPlayer.m */ = {isa = PBXFileReference; fileEncoding = 4; lastKnownFileType = sourcecode.c.objc; path = SpotifyPlayer.m; sourceTree = "<group>"; };
		B885FEB019C4ABBC00EC1D32 /* audio.c */ = {isa = PBXFileReference; fileEncoding = 4; lastKnownFileType = sourcecode.c.c; path = audio.c; sourceTree = "<group>"; };
		B885FEB119C4ABBC00EC1D32 /* audio.h */ = {isa = PBXFileReference; fileEncoding = 4; lastKnownFileType = sourcecode.c.h; path = audio.h; sourceTree = "<group>"; };
		B885FEB219C4ABBC00EC1D32 /* osx-audio.m */ = {isa = PBXFileReference; fileEncoding = 4; lastKnownFileType = sourcecode.c.objc; path = "osx-audio.m"; sourceTree = "<group>"; };
		B885FEB319C4ABBC00EC1D32 /* queue.h */ = {isa = PBXFileReference; fileEncoding = 4; lastKnownFileType = sourcecode.c.h; path = queue.h; sourceTree = "<group>"; };
		B8D16E0419E1C94500B375D2 /* BlurredHeader.xib */ = {isa = PBXFileReference; fileEncoding = 4; lastKnownFileType = file.xib; path = BlurredHeader.xib; sourceTree = "<group>"; };
		B8D16E0719E1CBF900B375D2 /* BlurredHeaderView.h */ = {isa = PBXFileReference; fileEncoding = 4; lastKnownFileType = sourcecode.c.h; path = BlurredHeaderView.h; sourceTree = "<group>"; };
		B8D16E0819E1CBF900B375D2 /* BlurredHeaderView.m */ = {isa = PBXFileReference; fileEncoding = 4; lastKnownFileType = sourcecode.c.objc; path = BlurredHeaderView.m; sourceTree = "<group>"; };
		B8D7690919E5B1F300988A71 /* AlbumCell.xib */ = {isa = PBXFileReference; fileEncoding = 4; lastKnownFileType = file.xib; path = AlbumCell.xib; sourceTree = "<group>"; };
		B8D7690C19E5B20F00988A71 /* ArtistCell.xib */ = {isa = PBXFileReference; fileEncoding = 4; lastKnownFileType = file.xib; path = ArtistCell.xib; sourceTree = "<group>"; };
		B8D7690E19E5B22C00988A71 /* TrackCell.xib */ = {isa = PBXFileReference; fileEncoding = 4; lastKnownFileType = file.xib; path = TrackCell.xib; sourceTree = "<group>"; };
		B8D7691019E5B23A00988A71 /* LoadMoreCell.xib */ = {isa = PBXFileReference; fileEncoding = 4; lastKnownFileType = file.xib; path = LoadMoreCell.xib; sourceTree = "<group>"; };
		B8D7691219E5C17600988A71 /* CellConstructHelper.h */ = {isa = PBXFileReference; fileEncoding = 4; lastKnownFileType = sourcecode.c.h; path = CellConstructHelper.h; sourceTree = "<group>"; };
		B8D7691319E5C17600988A71 /* CellConstructHelper.m */ = {isa = PBXFileReference; fileEncoding = 4; lastKnownFileType = sourcecode.c.objc; path = CellConstructHelper.m; sourceTree = "<group>"; };
		B8DEF86419E03BBB00F2F453 /* LoadMoreCell.h */ = {isa = PBXFileReference; fileEncoding = 4; lastKnownFileType = sourcecode.c.h; path = LoadMoreCell.h; sourceTree = "<group>"; };
		B8DEF86519E03BBB00F2F453 /* LoadMoreCell.m */ = {isa = PBXFileReference; fileEncoding = 4; lastKnownFileType = sourcecode.c.objc; path = LoadMoreCell.m; sourceTree = "<group>"; };
		B8DEF86919E041F700F2F453 /* AllArtistsViewController.h */ = {isa = PBXFileReference; fileEncoding = 4; lastKnownFileType = sourcecode.c.h; path = AllArtistsViewController.h; sourceTree = "<group>"; };
		B8DEF86A19E041F700F2F453 /* AllArtistsViewController.m */ = {isa = PBXFileReference; fileEncoding = 4; lastKnownFileType = sourcecode.c.objc; path = AllArtistsViewController.m; sourceTree = "<group>"; };
		B8DEF86C19E0474900F2F453 /* ArtistBrowseCache.h */ = {isa = PBXFileReference; fileEncoding = 4; lastKnownFileType = sourcecode.c.h; path = ArtistBrowseCache.h; sourceTree = "<group>"; };
		B8DEF86D19E0474900F2F453 /* ArtistBrowseCache.m */ = {isa = PBXFileReference; fileEncoding = 4; lastKnownFileType = sourcecode.c.objc; path = ArtistBrowseCache.m; sourceTree = "<group>"; };
		B8DEF87319E06FA100F2F453 /* AllAlbumsViewController.h */ = {isa = PBXFileReference; fileEncoding = 4; lastKnownFileType = sourcecode.c.h; path = AllAlbumsViewController.h; sourceTree = "<group>"; };
		B8DEF87419E06FA100F2F453 /* AllAlbumsViewController.m */ = {isa = PBXFileReference; fileEncoding = 4; lastKnownFileType = sourcecode.c.objc; path = AllAlbumsViewController.m; sourceTree = "<group>"; };
		B8DEF87719E07A8F00F2F453 /* ArtistViewController.h */ = {isa = PBXFileReference; fileEncoding = 4; lastKnownFileType = sourcecode.c.h; path = ArtistViewController.h; sourceTree = "<group>"; };
		B8DEF87819E07A8F00F2F453 /* ArtistViewController.m */ = {isa = PBXFileReference; fileEncoding = 4; lastKnownFileType = sourcecode.c.objc; path = ArtistViewController.m; sourceTree = "<group>"; };
		B8F5F34EBE107A7EEBA2420D /* Pods-SpotifyAlarmClock.debug.xcconfig */ = {isa = PBXFileReference; includeInIndex = 1; lastKnownFileType = text.xcconfig; name = "Pods-SpotifyAlarmClock.debug.xcconfig"; path = "Pods/Target Support Files/Pods-SpotifyAlarmClock/Pods-SpotifyAlarmClock.debug.xcconfig"; sourceTree = "<group>"; };
		C92F5708CCED2BA4D9ECCF61 /* libPods-SpotifyAlarmClock.a */ = {isa = PBXFileReference; explicitFileType = archive.ar; includeInIndex = 0; path = "libPods-SpotifyAlarmClock.a"; sourceTree = BUILT_PRODUCTS_DIR; };
/* End PBXFileReference section */

/* Begin PBXFrameworksBuildPhase section */
		B885FE6A19C488F400EC1D32 /* Frameworks */ = {
			isa = PBXFrameworksBuildPhase;
			buildActionMask = 2147483647;
			files = (
				B86104CC19CD9671001DB753 /* CoreData.framework in Frameworks */,
				B82A534C19C4FF5F000C40D8 /* libCocoaLibSpotify.a in Frameworks */,
				B82A534019C4F645000C40D8 /* Security.framework in Frameworks */,
				B82A533E19C4F63E000C40D8 /* AVFoundation.framework in Frameworks */,
				B82A533C19C4F632000C40D8 /* AudioToolbox.framework in Frameworks */,
				B82A533A19C4F623000C40D8 /* CoreAudio.framework in Frameworks */,
				B82A533819C4F612000C40D8 /* libstdc++.dylib in Frameworks */,
				B82A533619C4F5F1000C40D8 /* CFNetwork.framework in Frameworks */,
				B82A533419C4F5E6000C40D8 /* SystemConfiguration.framework in Frameworks */,
				B885FEF719C4C7CE00EC1D32 /* UIKit.framework in Frameworks */,
				B885FE7319C488F400EC1D32 /* CoreGraphics.framework in Frameworks */,
				B885FE7119C488F400EC1D32 /* Foundation.framework in Frameworks */,
				349CEB9FD7339389AF16EA91 /* libPods-SpotifyAlarmClock.a in Frameworks */,
			);
			runOnlyForDeploymentPostprocessing = 0;
		};
		B885FE8B19C488F500EC1D32 /* Frameworks */ = {
			isa = PBXFrameworksBuildPhase;
			buildActionMask = 2147483647;
			files = (
				B885FE9019C488F500EC1D32 /* XCTest.framework in Frameworks */,
				B885FE9219C488F500EC1D32 /* UIKit.framework in Frameworks */,
				B885FE9119C488F500EC1D32 /* Foundation.framework in Frameworks */,
			);
			runOnlyForDeploymentPostprocessing = 0;
		};
/* End PBXFrameworksBuildPhase section */

/* Begin PBXGroup section */
		1171D0A98CF3340716EFFB96 /* Pods */ = {
			isa = PBXGroup;
			children = (
				B8F5F34EBE107A7EEBA2420D /* Pods-SpotifyAlarmClock.debug.xcconfig */,
				8E9EC42A6CF7103BBBA32316 /* Pods-SpotifyAlarmClock.release.xcconfig */,
			);
			name = Pods;
			sourceTree = "<group>";
		};
		B812390C19D1FC28005EABDB /* Controllers */ = {
			isa = PBXGroup;
			children = (
				B8DEF87619E07A7C00F2F453 /* Artist */,
				B8DEF87219E06F8A00F2F453 /* AllAlbums */,
				B8DEF86819E041C600F2F453 /* AllArtists */,
				B885CC6D19E010C2003450F8 /* AllTracks */,
				B812392B19D20177005EABDB /* SongSearch */,
				B812392A19D20126005EABDB /* Songs */,
				B812390D19D1FC28005EABDB /* AddAlarm */,
				B812391019D1FC28005EABDB /* Alarms */,
				B812391519D1FC28005EABDB /* Clock */,
				B812391819D1FC28005EABDB /* OptionsSelect */,
				B812391E19D1FC28005EABDB /* Settings */,
				B812391F19D1FC28005EABDB /* TextEdit */,
			);
			path = Controllers;
			sourceTree = "<group>";
		};
		B812390D19D1FC28005EABDB /* AddAlarm */ = {
			isa = PBXGroup;
			children = (
				B812390E19D1FC28005EABDB /* AddAlarmViewController.h */,
				B812390F19D1FC28005EABDB /* AddAlarmViewController.m */,
			);
			path = AddAlarm;
			sourceTree = "<group>";
		};
		B812391019D1FC28005EABDB /* Alarms */ = {
			isa = PBXGroup;
			children = (
				B812391319D1FC28005EABDB /* AlarmsViewController.h */,
				B812391419D1FC28005EABDB /* AlarmsViewController.m */,
			);
			path = Alarms;
			sourceTree = "<group>";
		};
		B812391519D1FC28005EABDB /* Clock */ = {
			isa = PBXGroup;
			children = (
				B812391619D1FC28005EABDB /* ClockViewController.h */,
				B812391719D1FC28005EABDB /* ClockViewController.m */,
			);
			path = Clock;
			sourceTree = "<group>";
		};
		B812391819D1FC28005EABDB /* OptionsSelect */ = {
			isa = PBXGroup;
			children = (
				B812391919D1FC28005EABDB /* Option.h */,
				B812391A19D1FC28005EABDB /* Option.m */,
				B812391B19D1FC28005EABDB /* OptionsSelectDelegate.h */,
				B812391C19D1FC28005EABDB /* OptionsSelectViewController.h */,
				B812391D19D1FC28005EABDB /* OptionsSelectViewController.m */,
			);
			path = OptionsSelect;
			sourceTree = "<group>";
		};
		B812391E19D1FC28005EABDB /* Settings */ = {
			isa = PBXGroup;
			children = (
			);
			path = Settings;
			sourceTree = "<group>";
		};
		B812391F19D1FC28005EABDB /* TextEdit */ = {
			isa = PBXGroup;
			children = (
				B812392019D1FC28005EABDB /* TextEditDelegate.h */,
				B812392119D1FC28005EABDB /* TextEditViewController.h */,
				B812392219D1FC28005EABDB /* TextEditViewController.m */,
			);
			path = TextEdit;
			sourceTree = "<group>";
		};
		B812392A19D20126005EABDB /* Songs */ = {
			isa = PBXGroup;
			children = (
				B812392C19D201A4005EABDB /* SongsViewController.h */,
				B812392D19D201A4005EABDB /* SongsViewController.m */,
			);
			path = Songs;
			sourceTree = "<group>";
		};
		B812392B19D20177005EABDB /* SongSearch */ = {
			isa = PBXGroup;
			children = (
				B812392F19D201F2005EABDB /* SongSearchViewController.h */,
				B812393019D201F2005EABDB /* SongSearchViewController.m */,
			);
			path = SongSearch;
			sourceTree = "<group>";
		};
		B82A534219C4FEF4000C40D8 /* Products */ = {
			isa = PBXGroup;
			children = (
				B82A534719C4FEF4000C40D8 /* libCocoaLibSpotify.a */,
				B82A534919C4FEF4000C40D8 /* CocoaLSTests.app */,
			);
			name = Products;
			sourceTree = "<group>";
		};
		B86104D119CDA139001DB753 /* Models */ = {
			isa = PBXGroup;
			children = (
				B86104D819CDA28E001DB753 /* SpotifyAlarmClock.xcdatamodeld */,
				B86104D219CDA16D001DB753 /* AlarmSong.h */,
				B86104D319CDA16D001DB753 /* AlarmSong.m */,
				B86104D519CDA187001DB753 /* Alarm.h */,
				B86104D619CDA187001DB753 /* Alarm.m */,
			);
			path = Models;
			sourceTree = "<group>";
		};
		B885CC6D19E010C2003450F8 /* AllTracks */ = {
			isa = PBXGroup;
			children = (
				B885CC6F19E010E5003450F8 /* AllTracksViewController.h */,
				B885CC7019E010E5003450F8 /* AllTracksViewController.m */,
			);
			path = AllTracks;
			sourceTree = "<group>";
		};
		B885CC7219E01227003450F8 /* Views */ = {
			isa = PBXGroup;
			children = (
				B885FE8219C488F400EC1D32 /* Main.storyboard */,
				B8D16E0419E1C94500B375D2 /* BlurredHeader.xib */,
				B8D16E0719E1CBF900B375D2 /* BlurredHeaderView.h */,
				B8D16E0819E1CBF900B375D2 /* BlurredHeaderView.m */,
				B885CC7419E013BD003450F8 /* Cells */,
			);
			path = Views;
			sourceTree = "<group>";
		};
		B885CC7419E013BD003450F8 /* Cells */ = {
			isa = PBXGroup;
			children = (
				B885CC7519E013BD003450F8 /* AlarmCell.h */,
				B885CC7619E013BD003450F8 /* AlarmCell.m */,
				B885CC7719E013BD003450F8 /* AlbumCell.h */,
				B885CC7819E013BD003450F8 /* AlbumCell.m */,
				B8D7690919E5B1F300988A71 /* AlbumCell.xib */,
				B885CC7919E013BD003450F8 /* ArtistCell.h */,
				B885CC7A19E013BD003450F8 /* ArtistCell.m */,
				B8D7690C19E5B20F00988A71 /* ArtistCell.xib */,
				B885CC7B19E013BD003450F8 /* TrackCell.h */,
				B885CC7C19E013BD003450F8 /* TrackCell.m */,
				B8D7690E19E5B22C00988A71 /* TrackCell.xib */,
				B8DEF86419E03BBB00F2F453 /* LoadMoreCell.h */,
				B8DEF86519E03BBB00F2F453 /* LoadMoreCell.m */,
				B8D7691019E5B23A00988A71 /* LoadMoreCell.xib */,
			);
			path = Cells;
			sourceTree = "<group>";
		};
		B885FE6419C488F400EC1D32 = {
			isa = PBXGroup;
			children = (
				B82A534119C4FEF4000C40D8 /* CocoaLibSpotify iOS Library.xcodeproj */,
				B82A530D19C4E641000C40D8 /* appkey.h */,
				B885FE7619C488F400EC1D32 /* SpotifyAlarmClock */,
				B885FE9519C488F500EC1D32 /* SpotifyAlarmClockTests */,
				B885FE6F19C488F400EC1D32 /* Frameworks */,
				B885FE6E19C488F400EC1D32 /* Products */,
				1171D0A98CF3340716EFFB96 /* Pods */,
			);
			sourceTree = "<group>";
		};
		B885FE6E19C488F400EC1D32 /* Products */ = {
			isa = PBXGroup;
			children = (
				B885FE6D19C488F400EC1D32 /* SpotifyAlarmClock.app */,
				B885FE8E19C488F500EC1D32 /* SpotifyAlarmClockTests.xctest */,
			);
			name = Products;
			sourceTree = "<group>";
		};
		B885FE6F19C488F400EC1D32 /* Frameworks */ = {
			isa = PBXGroup;
			children = (
				B86104CB19CD9671001DB753 /* CoreData.framework */,
				B82A533F19C4F645000C40D8 /* Security.framework */,
				B82A533D19C4F63E000C40D8 /* AVFoundation.framework */,
				B82A533B19C4F632000C40D8 /* AudioToolbox.framework */,
				B82A533919C4F623000C40D8 /* CoreAudio.framework */,
				B82A533719C4F612000C40D8 /* libstdc++.dylib */,
				B82A533519C4F5F1000C40D8 /* CFNetwork.framework */,
				B82A533319C4F5E6000C40D8 /* SystemConfiguration.framework */,
				B885FE7019C488F400EC1D32 /* Foundation.framework */,
				B885FE7219C488F400EC1D32 /* CoreGraphics.framework */,
				B885FE7419C488F400EC1D32 /* UIKit.framework */,
				B885FE8F19C488F500EC1D32 /* XCTest.framework */,
				C92F5708CCED2BA4D9ECCF61 /* libPods-SpotifyAlarmClock.a */,
			);
			name = Frameworks;
			sourceTree = "<group>";
		};
		B885FE7619C488F400EC1D32 /* SpotifyAlarmClock */ = {
			isa = PBXGroup;
			children = (
				B885CC7219E01227003450F8 /* Views */,
				B812390C19D1FC28005EABDB /* Controllers */,
				B86104D119CDA139001DB753 /* Models */,
				B885FEAB19C4AB3000EC1D32 /* Helpers */,
				B885FE7719C488F400EC1D32 /* Supporting Files */,
				B885FE8019C488F400EC1D32 /* AppDelegate.m */,
				B885FE7F19C488F400EC1D32 /* AppDelegate.h */,
				B885FE8819C488F500EC1D32 /* Images.xcassets */,
			);
			path = SpotifyAlarmClock;
			sourceTree = "<group>";
		};
		B885FE7719C488F400EC1D32 /* Supporting Files */ = {
			isa = PBXGroup;
			children = (
				B885FE7819C488F400EC1D32 /* SpotifyAlarmClock-Info.plist */,
				B885FE7919C488F400EC1D32 /* InfoPlist.strings */,
				B885FE7C19C488F400EC1D32 /* main.m */,
				B885FE7E19C488F400EC1D32 /* SpotifyAlarmClock-Prefix.pch */,
			);
			name = "Supporting Files";
			sourceTree = "<group>";
		};
		B885FE9519C488F500EC1D32 /* SpotifyAlarmClockTests */ = {
			isa = PBXGroup;
			children = (
				B885FE9B19C488F500EC1D32 /* SpotifyAlarmClockTests.m */,
				B885FE9619C488F500EC1D32 /* Supporting Files */,
			);
			path = SpotifyAlarmClockTests;
			sourceTree = "<group>";
		};
		B885FE9619C488F500EC1D32 /* Supporting Files */ = {
			isa = PBXGroup;
			children = (
				B885FE9719C488F500EC1D32 /* SpotifyAlarmClockTests-Info.plist */,
				B885FE9819C488F500EC1D32 /* InfoPlist.strings */,
			);
			name = "Supporting Files";
			sourceTree = "<group>";
		};
		B885FEAB19C4AB3000EC1D32 /* Helpers */ = {
			isa = PBXGroup;
			children = (
				B885FEAC19C4AB3000EC1D32 /* SpotifyPlayer */,
				B885CC8119E01B58003450F8 /* MaskHelper.h */,
				B885CC8219E01B58003450F8 /* MaskHelper.m */,
				B8DEF86C19E0474900F2F453 /* ArtistBrowseCache.h */,
				B8DEF86D19E0474900F2F453 /* ArtistBrowseCache.m */,
				B8D7691219E5C17600988A71 /* CellConstructHelper.h */,
				B8D7691319E5C17600988A71 /* CellConstructHelper.m */,
			);
			path = Helpers;
			sourceTree = "<group>";
		};
		B885FEAC19C4AB3000EC1D32 /* SpotifyPlayer */ = {
			isa = PBXGroup;
			children = (
				B885FEB019C4ABBC00EC1D32 /* audio.c */,
				B885FEB119C4ABBC00EC1D32 /* audio.h */,
				B885FEB219C4ABBC00EC1D32 /* osx-audio.m */,
				B885FEB319C4ABBC00EC1D32 /* queue.h */,
				B885FEAD19C4AB3000EC1D32 /* SpotifyPlayer.h */,
				B885FEAE19C4AB3000EC1D32 /* SpotifyPlayer.m */,
			);
			path = SpotifyPlayer;
			sourceTree = "<group>";
		};
		B8DEF86819E041C600F2F453 /* AllArtists */ = {
			isa = PBXGroup;
			children = (
				B8DEF86919E041F700F2F453 /* AllArtistsViewController.h */,
				B8DEF86A19E041F700F2F453 /* AllArtistsViewController.m */,
			);
			path = AllArtists;
			sourceTree = "<group>";
		};
		B8DEF87219E06F8A00F2F453 /* AllAlbums */ = {
			isa = PBXGroup;
			children = (
				B8DEF87319E06FA100F2F453 /* AllAlbumsViewController.h */,
				B8DEF87419E06FA100F2F453 /* AllAlbumsViewController.m */,
			);
			path = AllAlbums;
			sourceTree = "<group>";
		};
		B8DEF87619E07A7C00F2F453 /* Artist */ = {
			isa = PBXGroup;
			children = (
				B8DEF87719E07A8F00F2F453 /* ArtistViewController.h */,
				B8DEF87819E07A8F00F2F453 /* ArtistViewController.m */,
			);
			path = Artist;
			sourceTree = "<group>";
		};
/* End PBXGroup section */

/* Begin PBXNativeTarget section */
		B885FE6C19C488F400EC1D32 /* SpotifyAlarmClock */ = {
			isa = PBXNativeTarget;
			buildConfigurationList = B885FE9F19C488F500EC1D32 /* Build configuration list for PBXNativeTarget "SpotifyAlarmClock" */;
			buildPhases = (
				359F0F1764F0F07C35A1BC8B /* Check Pods Manifest.lock */,
				B885FE6919C488F400EC1D32 /* Sources */,
				B885FE6A19C488F400EC1D32 /* Frameworks */,
				B885FE6B19C488F400EC1D32 /* Resources */,
				3644111C96B7D757AB6DD609 /* Copy Pods Resources */,
			);
			buildRules = (
			);
			dependencies = (
				B82A534B19C4FF33000C40D8 /* PBXTargetDependency */,
			);
			name = SpotifyAlarmClock;
			productName = SpotifyAlarmClock;
			productReference = B885FE6D19C488F400EC1D32 /* SpotifyAlarmClock.app */;
			productType = "com.apple.product-type.application";
		};
		B885FE8D19C488F500EC1D32 /* SpotifyAlarmClockTests */ = {
			isa = PBXNativeTarget;
			buildConfigurationList = B885FEA219C488F500EC1D32 /* Build configuration list for PBXNativeTarget "SpotifyAlarmClockTests" */;
			buildPhases = (
				B885FE8A19C488F500EC1D32 /* Sources */,
				B885FE8B19C488F500EC1D32 /* Frameworks */,
				B885FE8C19C488F500EC1D32 /* Resources */,
			);
			buildRules = (
			);
			dependencies = (
				B885FE9419C488F500EC1D32 /* PBXTargetDependency */,
			);
			name = SpotifyAlarmClockTests;
			productName = SpotifyAlarmClockTests;
			productReference = B885FE8E19C488F500EC1D32 /* SpotifyAlarmClockTests.xctest */;
			productType = "com.apple.product-type.bundle.unit-test";
		};
/* End PBXNativeTarget section */

/* Begin PBXProject section */
		B885FE6519C488F400EC1D32 /* Project object */ = {
			isa = PBXProject;
			attributes = {
				LastUpgradeCheck = 0600;
				ORGANIZATIONNAME = "Niels Vroegindeweij";
				TargetAttributes = {
					B885FE6C19C488F400EC1D32 = {
						DevelopmentTeam = 46H439Z8Z5;
					};
					B885FE8D19C488F500EC1D32 = {
						TestTargetID = B885FE6C19C488F400EC1D32;
					};
				};
			};
			buildConfigurationList = B885FE6819C488F400EC1D32 /* Build configuration list for PBXProject "SpotifyAlarmClock" */;
			compatibilityVersion = "Xcode 3.2";
			developmentRegion = English;
			hasScannedForEncodings = 0;
			knownRegions = (
				en,
				Base,
			);
			mainGroup = B885FE6419C488F400EC1D32;
			productRefGroup = B885FE6E19C488F400EC1D32 /* Products */;
			projectDirPath = "";
			projectReferences = (
				{
					ProductGroup = B82A534219C4FEF4000C40D8 /* Products */;
					ProjectRef = B82A534119C4FEF4000C40D8 /* CocoaLibSpotify iOS Library.xcodeproj */;
				},
			);
			projectRoot = "";
			targets = (
				B885FE6C19C488F400EC1D32 /* SpotifyAlarmClock */,
				B885FE8D19C488F500EC1D32 /* SpotifyAlarmClockTests */,
			);
		};
/* End PBXProject section */

/* Begin PBXReferenceProxy section */
		B82A534719C4FEF4000C40D8 /* libCocoaLibSpotify.a */ = {
			isa = PBXReferenceProxy;
			fileType = archive.ar;
			path = libCocoaLibSpotify.a;
			remoteRef = B82A534619C4FEF4000C40D8 /* PBXContainerItemProxy */;
			sourceTree = BUILT_PRODUCTS_DIR;
		};
		B82A534919C4FEF4000C40D8 /* CocoaLSTests.app */ = {
			isa = PBXReferenceProxy;
			fileType = wrapper.application;
			path = CocoaLSTests.app;
			remoteRef = B82A534819C4FEF4000C40D8 /* PBXContainerItemProxy */;
			sourceTree = BUILT_PRODUCTS_DIR;
		};
/* End PBXReferenceProxy section */

/* Begin PBXResourcesBuildPhase section */
		B885FE6B19C488F400EC1D32 /* Resources */ = {
			isa = PBXResourcesBuildPhase;
			buildActionMask = 2147483647;
			files = (
				B8D7690D19E5B20F00988A71 /* ArtistCell.xib in Resources */,
				B885FE8919C488F500EC1D32 /* Images.xcassets in Resources */,
				B885FE7B19C488F400EC1D32 /* InfoPlist.strings in Resources */,
				B8D7690F19E5B22C00988A71 /* TrackCell.xib in Resources */,
				B8D7691119E5B23A00988A71 /* LoadMoreCell.xib in Resources */,
				B8D7690A19E5B1F300988A71 /* AlbumCell.xib in Resources */,
				B885FE8419C488F400EC1D32 /* Main.storyboard in Resources */,
				B8D16E0519E1C94500B375D2 /* BlurredHeader.xib in Resources */,
			);
			runOnlyForDeploymentPostprocessing = 0;
		};
		B885FE8C19C488F500EC1D32 /* Resources */ = {
			isa = PBXResourcesBuildPhase;
			buildActionMask = 2147483647;
			files = (
				B885FE9A19C488F500EC1D32 /* InfoPlist.strings in Resources */,
			);
			runOnlyForDeploymentPostprocessing = 0;
		};
/* End PBXResourcesBuildPhase section */

/* Begin PBXShellScriptBuildPhase section */
		359F0F1764F0F07C35A1BC8B /* Check Pods Manifest.lock */ = {
			isa = PBXShellScriptBuildPhase;
			buildActionMask = 2147483647;
			files = (
			);
			inputPaths = (
			);
			name = "Check Pods Manifest.lock";
			outputPaths = (
			);
			runOnlyForDeploymentPostprocessing = 0;
			shellPath = /bin/sh;
			shellScript = "diff \"${PODS_ROOT}/../Podfile.lock\" \"${PODS_ROOT}/Manifest.lock\" > /dev/null\nif [[ $? != 0 ]] ; then\n    cat << EOM\nerror: The sandbox is not in sync with the Podfile.lock. Run 'pod install' or update your CocoaPods installation.\nEOM\n    exit 1\nfi\n";
			showEnvVarsInLog = 0;
		};
		3644111C96B7D757AB6DD609 /* Copy Pods Resources */ = {
			isa = PBXShellScriptBuildPhase;
			buildActionMask = 2147483647;
			files = (
			);
			inputPaths = (
			);
			name = "Copy Pods Resources";
			outputPaths = (
			);
			runOnlyForDeploymentPostprocessing = 0;
			shellPath = /bin/sh;
			shellScript = "\"${SRCROOT}/Pods/Target Support Files/Pods-SpotifyAlarmClock/Pods-SpotifyAlarmClock-resources.sh\"\n";
			showEnvVarsInLog = 0;
		};
/* End PBXShellScriptBuildPhase section */

/* Begin PBXSourcesBuildPhase section */
		B885FE6919C488F400EC1D32 /* Sources */ = {
			isa = PBXSourcesBuildPhase;
			buildActionMask = 2147483647;
			files = (
				B812392719D1FC28005EABDB /* Option.m in Sources */,
				B812392319D1FC28005EABDB /* AddAlarmViewController.m in Sources */,
				B885CC8019E013BD003450F8 /* TrackCell.m in Sources */,
				B812393119D201F2005EABDB /* SongSearchViewController.m in Sources */,
				B8DEF87919E07A8F00F2F453 /* ArtistViewController.m in Sources */,
				B812392919D1FC28005EABDB /* TextEditViewController.m in Sources */,
				B885FEB519C4ABBC00EC1D32 /* osx-audio.m in Sources */,
				B885CC7119E010E5003450F8 /* AllTracksViewController.m in Sources */,
				B86104D719CDA187001DB753 /* Alarm.m in Sources */,
				B812392619D1FC28005EABDB /* ClockViewController.m in Sources */,
				B885CC7E19E013BD003450F8 /* AlbumCell.m in Sources */,
				B8DEF87519E06FA100F2F453 /* AllAlbumsViewController.m in Sources */,
				B885FEB419C4ABBC00EC1D32 /* audio.c in Sources */,
				B885FE8119C488F400EC1D32 /* AppDelegate.m in Sources */,
				B885FEAF19C4AB3000EC1D32 /* SpotifyPlayer.m in Sources */,
				B812392E19D201A4005EABDB /* SongsViewController.m in Sources */,
				B86104DA19CDA28E001DB753 /* SpotifyAlarmClock.xcdatamodeld in Sources */,
				B8DEF86E19E0474900F2F453 /* ArtistBrowseCache.m in Sources */,
				B8DEF86B19E041F700F2F453 /* AllArtistsViewController.m in Sources */,
				B812392819D1FC28005EABDB /* OptionsSelectViewController.m in Sources */,
				B885FE7D19C488F400EC1D32 /* main.m in Sources */,
				B885CC8319E01B58003450F8 /* MaskHelper.m in Sources */,
				B8D7691419E5C17600988A71 /* CellConstructHelper.m in Sources */,
				B8D16E0919E1CBF900B375D2 /* BlurredHeaderView.m in Sources */,
				B86104D419CDA16D001DB753 /* AlarmSong.m in Sources */,
				B812392519D1FC28005EABDB /* AlarmsViewController.m in Sources */,
				B8DEF86619E03BBB00F2F453 /* LoadMoreCell.m in Sources */,
				B885CC7F19E013BD003450F8 /* ArtistCell.m in Sources */,
				B885CC7D19E013BD003450F8 /* AlarmCell.m in Sources */,
			);
			runOnlyForDeploymentPostprocessing = 0;
		};
		B885FE8A19C488F500EC1D32 /* Sources */ = {
			isa = PBXSourcesBuildPhase;
			buildActionMask = 2147483647;
			files = (
				B885FE9C19C488F500EC1D32 /* SpotifyAlarmClockTests.m in Sources */,
			);
			runOnlyForDeploymentPostprocessing = 0;
		};
/* End PBXSourcesBuildPhase section */

/* Begin PBXTargetDependency section */
		B82A534B19C4FF33000C40D8 /* PBXTargetDependency */ = {
			isa = PBXTargetDependency;
			name = CocoaLibSpotify;
			targetProxy = B82A534A19C4FF33000C40D8 /* PBXContainerItemProxy */;
		};
		B885FE9419C488F500EC1D32 /* PBXTargetDependency */ = {
			isa = PBXTargetDependency;
			target = B885FE6C19C488F400EC1D32 /* SpotifyAlarmClock */;
			targetProxy = B885FE9319C488F500EC1D32 /* PBXContainerItemProxy */;
		};
/* End PBXTargetDependency section */

/* Begin PBXVariantGroup section */
		B885FE7919C488F400EC1D32 /* InfoPlist.strings */ = {
			isa = PBXVariantGroup;
			children = (
				B885FE7A19C488F400EC1D32 /* en */,
			);
			name = InfoPlist.strings;
			sourceTree = "<group>";
		};
		B885FE8219C488F400EC1D32 /* Main.storyboard */ = {
			isa = PBXVariantGroup;
			children = (
				B885FE8319C488F400EC1D32 /* Base */,
			);
			name = Main.storyboard;
			path = ..;
			sourceTree = "<group>";
		};
		B885FE9819C488F500EC1D32 /* InfoPlist.strings */ = {
			isa = PBXVariantGroup;
			children = (
				B885FE9919C488F500EC1D32 /* en */,
			);
			name = InfoPlist.strings;
			sourceTree = "<group>";
		};
/* End PBXVariantGroup section */

/* Begin XCBuildConfiguration section */
		B885FE9D19C488F500EC1D32 /* Debug */ = {
			isa = XCBuildConfiguration;
			buildSettings = {
				ALWAYS_SEARCH_USER_PATHS = NO;
				CLANG_CXX_LANGUAGE_STANDARD = "gnu++0x";
				CLANG_CXX_LIBRARY = "libc++";
				CLANG_ENABLE_MODULES = YES;
				CLANG_ENABLE_OBJC_ARC = YES;
				CLANG_WARN_BOOL_CONVERSION = YES;
				CLANG_WARN_CONSTANT_CONVERSION = YES;
				CLANG_WARN_DIRECT_OBJC_ISA_USAGE = YES_ERROR;
				CLANG_WARN_EMPTY_BODY = YES;
				CLANG_WARN_ENUM_CONVERSION = YES;
				CLANG_WARN_INT_CONVERSION = YES;
				CLANG_WARN_OBJC_ROOT_CLASS = YES_ERROR;
				CLANG_WARN__DUPLICATE_METHOD_MATCH = YES;
				"CODE_SIGN_IDENTITY[sdk=iphoneos*]" = "iPhone Developer";
				COPY_PHASE_STRIP = NO;
				GCC_C_LANGUAGE_STANDARD = gnu99;
				GCC_DYNAMIC_NO_PIC = NO;
				GCC_OPTIMIZATION_LEVEL = 0;
				GCC_PREPROCESSOR_DEFINITIONS = (
					"DEBUG=1",
					"$(inherited)",
				);
				GCC_SYMBOLS_PRIVATE_EXTERN = NO;
				GCC_WARN_64_TO_32_BIT_CONVERSION = YES;
				GCC_WARN_ABOUT_RETURN_TYPE = YES_ERROR;
				GCC_WARN_UNDECLARED_SELECTOR = YES;
				GCC_WARN_UNINITIALIZED_AUTOS = YES_AGGRESSIVE;
				GCC_WARN_UNUSED_FUNCTION = YES;
				GCC_WARN_UNUSED_VARIABLE = YES;
				IPHONEOS_DEPLOYMENT_TARGET = 7.1;
				LIBRARY_SEARCH_PATHS = "\"/Users/Niels/Documents/Development/Iphone Applicaties/SpotifyAlarmClock/Libraries\"";
				ONLY_ACTIVE_ARCH = NO;
				SDKROOT = iphoneos;
				VALID_ARCHS = "armv7 armv7s";
			};
			name = Debug;
		};
		B885FE9E19C488F500EC1D32 /* Release */ = {
			isa = XCBuildConfiguration;
			buildSettings = {
				ALWAYS_SEARCH_USER_PATHS = NO;
				CLANG_CXX_LANGUAGE_STANDARD = "gnu++0x";
				CLANG_CXX_LIBRARY = "libc++";
				CLANG_ENABLE_MODULES = YES;
				CLANG_ENABLE_OBJC_ARC = YES;
				CLANG_WARN_BOOL_CONVERSION = YES;
				CLANG_WARN_CONSTANT_CONVERSION = YES;
				CLANG_WARN_DIRECT_OBJC_ISA_USAGE = YES_ERROR;
				CLANG_WARN_EMPTY_BODY = YES;
				CLANG_WARN_ENUM_CONVERSION = YES;
				CLANG_WARN_INT_CONVERSION = YES;
				CLANG_WARN_OBJC_ROOT_CLASS = YES_ERROR;
				CLANG_WARN__DUPLICATE_METHOD_MATCH = YES;
				"CODE_SIGN_IDENTITY[sdk=iphoneos*]" = "iPhone Developer";
				COPY_PHASE_STRIP = YES;
				ENABLE_NS_ASSERTIONS = NO;
				GCC_C_LANGUAGE_STANDARD = gnu99;
				GCC_WARN_64_TO_32_BIT_CONVERSION = YES;
				GCC_WARN_ABOUT_RETURN_TYPE = YES_ERROR;
				GCC_WARN_UNDECLARED_SELECTOR = YES;
				GCC_WARN_UNINITIALIZED_AUTOS = YES_AGGRESSIVE;
				GCC_WARN_UNUSED_FUNCTION = YES;
				GCC_WARN_UNUSED_VARIABLE = YES;
				IPHONEOS_DEPLOYMENT_TARGET = 7.1;
				LIBRARY_SEARCH_PATHS = "\"/Users/Niels/Documents/Development/Iphone Applicaties/SpotifyAlarmClock/Libraries\"";
				SDKROOT = iphoneos;
				VALIDATE_PRODUCT = YES;
				VALID_ARCHS = "armv7 armv7s";
			};
			name = Release;
		};
		B885FEA019C488F500EC1D32 /* Debug */ = {
			isa = XCBuildConfiguration;
			baseConfigurationReference = B8F5F34EBE107A7EEBA2420D /* Pods-SpotifyAlarmClock.debug.xcconfig */;
			buildSettings = {
				ALWAYS_SEARCH_USER_PATHS = NO;
				ASSETCATALOG_COMPILER_APPICON_NAME = AppIcon;
				ASSETCATALOG_COMPILER_LAUNCHIMAGE_NAME = LaunchImage;
				CODE_SIGN_IDENTITY = "iPhone Developer";
				"CODE_SIGN_IDENTITY[sdk=iphoneos*]" = "iPhone Developer";
				FRAMEWORK_SEARCH_PATHS = "";
				GCC_PRECOMPILE_PREFIX_HEADER = YES;
				GCC_PREFIX_HEADER = "SpotifyAlarmClock/SpotifyAlarmClock-Prefix.pch";
				INFOPLIST_FILE = "SpotifyAlarmClock/SpotifyAlarmClock-Info.plist";
				LIBRARY_SEARCH_PATHS = "";
				OTHER_LDFLAGS = (
					"$(inherited)",
					"-ObjC",
					"-all_load",
				);
				PRODUCT_NAME = "$(TARGET_NAME)";
				PROVISIONING_PROFILE = "";
				TARGETED_DEVICE_FAMILY = "1,2";
				VALID_ARCHS = "armv7 armv7s";
				WRAPPER_EXTENSION = app;
			};
			name = Debug;
		};
		B885FEA119C488F500EC1D32 /* Release */ = {
			isa = XCBuildConfiguration;
			baseConfigurationReference = 8E9EC42A6CF7103BBBA32316 /* Pods-SpotifyAlarmClock.release.xcconfig */;
			buildSettings = {
				ALWAYS_SEARCH_USER_PATHS = NO;
				ASSETCATALOG_COMPILER_APPICON_NAME = AppIcon;
				ASSETCATALOG_COMPILER_LAUNCHIMAGE_NAME = LaunchImage;
				CODE_SIGN_IDENTITY = "iPhone Developer";
				"CODE_SIGN_IDENTITY[sdk=iphoneos*]" = "iPhone Developer";
				FRAMEWORK_SEARCH_PATHS = "";
				GCC_PRECOMPILE_PREFIX_HEADER = YES;
				GCC_PREFIX_HEADER = "SpotifyAlarmClock/SpotifyAlarmClock-Prefix.pch";
				INFOPLIST_FILE = "SpotifyAlarmClock/SpotifyAlarmClock-Info.plist";
				LIBRARY_SEARCH_PATHS = "";
				OTHER_LDFLAGS = (
					"$(inherited)",
					"-ObjC",
					"-all_load",
				);
				PRODUCT_NAME = "$(TARGET_NAME)";
				PROVISIONING_PROFILE = "";
				TARGETED_DEVICE_FAMILY = "1,2";
				VALID_ARCHS = "armv7 armv7s";
				WRAPPER_EXTENSION = app;
			};
			name = Release;
		};
		B885FEA319C488F500EC1D32 /* Debug */ = {
			isa = XCBuildConfiguration;
			buildSettings = {
				BUNDLE_LOADER = "$(BUILT_PRODUCTS_DIR)/SpotifyAlarmClock.app/SpotifyAlarmClock";
				FRAMEWORK_SEARCH_PATHS = (
					"$(SDKROOT)/Developer/Library/Frameworks",
					"$(inherited)",
					"$(DEVELOPER_FRAMEWORKS_DIR)",
				);
				GCC_PRECOMPILE_PREFIX_HEADER = YES;
				GCC_PREFIX_HEADER = "SpotifyAlarmClock/SpotifyAlarmClock-Prefix.pch";
				GCC_PREPROCESSOR_DEFINITIONS = (
					"DEBUG=1",
					"$(inherited)",
				);
				INFOPLIST_FILE = "SpotifyAlarmClockTests/SpotifyAlarmClockTests-Info.plist";
				PRODUCT_NAME = "$(TARGET_NAME)";
				TEST_HOST = "$(BUNDLE_LOADER)";
				WRAPPER_EXTENSION = xctest;
			};
			name = Debug;
		};
		B885FEA419C488F500EC1D32 /* Release */ = {
			isa = XCBuildConfiguration;
			buildSettings = {
				BUNDLE_LOADER = "$(BUILT_PRODUCTS_DIR)/SpotifyAlarmClock.app/SpotifyAlarmClock";
				FRAMEWORK_SEARCH_PATHS = (
					"$(SDKROOT)/Developer/Library/Frameworks",
					"$(inherited)",
					"$(DEVELOPER_FRAMEWORKS_DIR)",
				);
				GCC_PRECOMPILE_PREFIX_HEADER = YES;
				GCC_PREFIX_HEADER = "SpotifyAlarmClock/SpotifyAlarmClock-Prefix.pch";
				INFOPLIST_FILE = "SpotifyAlarmClockTests/SpotifyAlarmClockTests-Info.plist";
				PRODUCT_NAME = "$(TARGET_NAME)";
				TEST_HOST = "$(BUNDLE_LOADER)";
				WRAPPER_EXTENSION = xctest;
			};
			name = Release;
		};
/* End XCBuildConfiguration section */

/* Begin XCConfigurationList section */
		B885FE6819C488F400EC1D32 /* Build configuration list for PBXProject "SpotifyAlarmClock" */ = {
			isa = XCConfigurationList;
			buildConfigurations = (
				B885FE9D19C488F500EC1D32 /* Debug */,
				B885FE9E19C488F500EC1D32 /* Release */,
			);
			defaultConfigurationIsVisible = 0;
			defaultConfigurationName = Release;
		};
		B885FE9F19C488F500EC1D32 /* Build configuration list for PBXNativeTarget "SpotifyAlarmClock" */ = {
			isa = XCConfigurationList;
			buildConfigurations = (
				B885FEA019C488F500EC1D32 /* Debug */,
				B885FEA119C488F500EC1D32 /* Release */,
			);
			defaultConfigurationIsVisible = 0;
			defaultConfigurationName = Release;
		};
		B885FEA219C488F500EC1D32 /* Build configuration list for PBXNativeTarget "SpotifyAlarmClockTests" */ = {
			isa = XCConfigurationList;
			buildConfigurations = (
				B885FEA319C488F500EC1D32 /* Debug */,
				B885FEA419C488F500EC1D32 /* Release */,
			);
			defaultConfigurationIsVisible = 0;
			defaultConfigurationName = Release;
		};
/* End XCConfigurationList section */

/* Begin XCVersionGroup section */
		B86104D819CDA28E001DB753 /* SpotifyAlarmClock.xcdatamodeld */ = {
			isa = XCVersionGroup;
			children = (
				B86104D919CDA28E001DB753 /* SpotifyAlarmClock.xcdatamodel */,
			);
			currentVersion = B86104D919CDA28E001DB753 /* SpotifyAlarmClock.xcdatamodel */;
			path = SpotifyAlarmClock.xcdatamodeld;
			sourceTree = "<group>";
			versionGroupType = wrapper.xcdatamodel;
		};
/* End XCVersionGroup section */
	};
	rootObject = B885FE6519C488F400EC1D32 /* Project object */;
}
